PODS:
  - Base64 (1.1.2)
  - boost (1.76.0)
  - CocoaAsyncSocket (7.6.5)
  - CodePush (7.1.0):
    - Base64 (~> 1.1)
    - JWT (~> 3.0.0-beta.12)
    - React-Core
    - SSZipArchive (~> 2.2.2)
  - DoubleConversion (1.1.6)
  - FBLazyVector (0.68.7)
  - FBReactNativeSpec (0.68.7):
    - RCT-Folly (= 2021.06.28.00-v2)
    - RCTRequired (= 0.68.7)
    - RCTTypeSafety (= 0.68.7)
    - React-Core (= 0.68.7)
    - React-jsi (= 0.68.7)
    - ReactCommon/turbomodule/core (= 0.68.7)
  - Flipper (0.125.0):
    - Flipper-Folly (~> 2.6)
    - Flipper-RSocket (~> 1.4)
  - Flipper-Boost-iOSX (1.76.0.1.11)
  - Flipper-DoubleConversion (3.2.0)
  - Flipper-Fmt (7.1.7)
  - Flipper-Folly (2.6.10):
    - Flipper-Boost-iOSX
    - Flipper-DoubleConversion
    - Flipper-Fmt (= 7.1.7)
    - Flipper-Glog
    - libevent (~> 2.1.12)
    - OpenSSL-Universal (= 1.1.1100)
  - Flipper-Glog (0.5.0.4)
  - Flipper-PeerTalk (0.0.4)
  - Flipper-RSocket (1.4.3):
    - Flipper-Folly (~> 2.6)
  - FlipperKit (0.125.0):
    - FlipperKit/Core (= 0.125.0)
  - FlipperKit/Core (0.125.0):
    - Flipper (~> 0.125.0)
    - FlipperKit/CppBridge
    - FlipperKit/FBCxxFollyDynamicConvert
    - FlipperKit/FBDefines
    - FlipperKit/FKPortForwarding
    - SocketRocket (~> 0.6.0)
  - FlipperKit/CppBridge (0.125.0):
    - Flipper (~> 0.125.0)
  - FlipperKit/FBCxxFollyDynamicConvert (0.125.0):
    - Flipper-Folly (~> 2.6)
  - FlipperKit/FBDefines (0.125.0)
  - FlipperKit/FKPortForwarding (0.125.0):
    - CocoaAsyncSocket (~> 7.6)
    - Flipper-PeerTalk (~> 0.0.4)
  - FlipperKit/FlipperKitHighlightOverlay (0.125.0)
  - FlipperKit/FlipperKitLayoutHelpers (0.125.0):
    - FlipperKit/Core
    - FlipperKit/FlipperKitHighlightOverlay
    - FlipperKit/FlipperKitLayoutTextSearchable
  - FlipperKit/FlipperKitLayoutIOSDescriptors (0.125.0):
    - FlipperKit/Core
    - FlipperKit/FlipperKitHighlightOverlay
    - FlipperKit/FlipperKitLayoutHelpers
    - YogaKit (~> 1.18)
  - FlipperKit/FlipperKitLayoutPlugin (0.125.0):
    - FlipperKit/Core
    - FlipperKit/FlipperKitHighlightOverlay
    - FlipperKit/FlipperKitLayoutHelpers
    - FlipperKit/FlipperKitLayoutIOSDescriptors
    - FlipperKit/FlipperKitLayoutTextSearchable
    - YogaKit (~> 1.18)
  - FlipperKit/FlipperKitLayoutTextSearchable (0.125.0)
  - FlipperKit/FlipperKitNetworkPlugin (0.125.0):
    - FlipperKit/Core
  - FlipperKit/FlipperKitReactPlugin (0.125.0):
    - FlipperKit/Core
  - FlipperKit/FlipperKitUserDefaultsPlugin (0.125.0):
    - FlipperKit/Core
  - FlipperKit/SKIOSNetworkPlugin (0.125.0):
    - FlipperKit/Core
    - FlipperKit/FlipperKitNetworkPlugin
  - fmt (6.2.1)
  - glog (0.3.5)
  - JWT (3.0.0-beta.14):
    - Base64 (~> 1.1.2)
  - libevent (2.1.12)
  - libwebp (1.2.4):
    - libwebp/demux (= 1.2.4)
    - libwebp/mux (= 1.2.4)
    - libwebp/webp (= 1.2.4)
  - libwebp/demux (1.2.4):
    - libwebp/webp
  - libwebp/mux (1.2.4):
    - libwebp/demux
  - libwebp/webp (1.2.4)
  - lottie-ios (3.4.1)
  - lottie-react-native (5.1.6):
    - lottie-ios (~> 3.4.0)
    - React-Core
  - MMKV (1.2.16):
    - MMKVCore (~> 1.2.16)
  - MMKVCore (1.2.16)
  - OpenSSL-Universal (1.1.1100)
  - RCT-Folly (2021.06.28.00-v2):
    - boost
    - DoubleConversion
    - fmt (~> 6.2.1)
    - glog
    - RCT-Folly/Default (= 2021.06.28.00-v2)
  - RCT-Folly/Default (2021.06.28.00-v2):
    - boost
    - DoubleConversion
    - fmt (~> 6.2.1)
    - glog
  - RCTRequired (0.68.7)
  - RCTTypeSafety (0.68.7):
    - FBLazyVector (= 0.68.7)
    - RCT-Folly (= 2021.06.28.00-v2)
    - RCTRequired (= 0.68.7)
    - React-Core (= 0.68.7)
  - React (0.68.7):
    - React-Core (= 0.68.7)
    - React-Core/DevSupport (= 0.68.7)
    - React-Core/RCTWebSocket (= 0.68.7)
    - React-RCTActionSheet (= 0.68.7)
    - React-RCTAnimation (= 0.68.7)
    - React-RCTBlob (= 0.68.7)
    - React-RCTImage (= 0.68.7)
    - React-RCTLinking (= 0.68.7)
    - React-RCTNetwork (= 0.68.7)
    - React-RCTSettings (= 0.68.7)
    - React-RCTText (= 0.68.7)
    - React-RCTVibration (= 0.68.7)
  - React-callinvoker (0.68.7)
  - React-Codegen (0.68.7):
    - FBReactNativeSpec (= 0.68.7)
    - RCT-Folly (= 2021.06.28.00-v2)
    - RCTRequired (= 0.68.7)
    - RCTTypeSafety (= 0.68.7)
    - React-Core (= 0.68.7)
    - React-jsi (= 0.68.7)
    - React-jsiexecutor (= 0.68.7)
    - ReactCommon/turbomodule/core (= 0.68.7)
  - React-Core (0.68.7):
    - glog
    - RCT-Folly (= 2021.06.28.00-v2)
    - React-Core/Default (= 0.68.7)
    - React-cxxreact (= 0.68.7)
    - React-jsi (= 0.68.7)
    - React-jsiexecutor (= 0.68.7)
    - React-perflogger (= 0.68.7)
    - Yoga
  - React-Core/CoreModulesHeaders (0.68.7):
    - glog
    - RCT-Folly (= 2021.06.28.00-v2)
    - React-Core/Default
    - React-cxxreact (= 0.68.7)
    - React-jsi (= 0.68.7)
    - React-jsiexecutor (= 0.68.7)
    - React-perflogger (= 0.68.7)
    - Yoga
  - React-Core/Default (0.68.7):
    - glog
    - RCT-Folly (= 2021.06.28.00-v2)
    - React-cxxreact (= 0.68.7)
    - React-jsi (= 0.68.7)
    - React-jsiexecutor (= 0.68.7)
    - React-perflogger (= 0.68.7)
    - Yoga
  - React-Core/DevSupport (0.68.7):
    - glog
    - RCT-Folly (= 2021.06.28.00-v2)
    - React-Core/Default (= 0.68.7)
    - React-Core/RCTWebSocket (= 0.68.7)
    - React-cxxreact (= 0.68.7)
    - React-jsi (= 0.68.7)
    - React-jsiexecutor (= 0.68.7)
    - React-jsinspector (= 0.68.7)
    - React-perflogger (= 0.68.7)
    - Yoga
  - React-Core/RCTActionSheetHeaders (0.68.7):
    - glog
    - RCT-Folly (= 2021.06.28.00-v2)
    - React-Core/Default
    - React-cxxreact (= 0.68.7)
    - React-jsi (= 0.68.7)
    - React-jsiexecutor (= 0.68.7)
    - React-perflogger (= 0.68.7)
    - Yoga
  - React-Core/RCTAnimationHeaders (0.68.7):
    - glog
    - RCT-Folly (= 2021.06.28.00-v2)
    - React-Core/Default
    - React-cxxreact (= 0.68.7)
    - React-jsi (= 0.68.7)
    - React-jsiexecutor (= 0.68.7)
    - React-perflogger (= 0.68.7)
    - Yoga
  - React-Core/RCTBlobHeaders (0.68.7):
    - glog
    - RCT-Folly (= 2021.06.28.00-v2)
    - React-Core/Default
    - React-cxxreact (= 0.68.7)
    - React-jsi (= 0.68.7)
    - React-jsiexecutor (= 0.68.7)
    - React-perflogger (= 0.68.7)
    - Yoga
  - React-Core/RCTImageHeaders (0.68.7):
    - glog
    - RCT-Folly (= 2021.06.28.00-v2)
    - React-Core/Default
    - React-cxxreact (= 0.68.7)
    - React-jsi (= 0.68.7)
    - React-jsiexecutor (= 0.68.7)
    - React-perflogger (= 0.68.7)
    - Yoga
  - React-Core/RCTLinkingHeaders (0.68.7):
    - glog
    - RCT-Folly (= 2021.06.28.00-v2)
    - React-Core/Default
    - React-cxxreact (= 0.68.7)
    - React-jsi (= 0.68.7)
    - React-jsiexecutor (= 0.68.7)
    - React-perflogger (= 0.68.7)
    - Yoga
  - React-Core/RCTNetworkHeaders (0.68.7):
    - glog
    - RCT-Folly (= 2021.06.28.00-v2)
    - React-Core/Default
    - React-cxxreact (= 0.68.7)
    - React-jsi (= 0.68.7)
    - React-jsiexecutor (= 0.68.7)
    - React-perflogger (= 0.68.7)
    - Yoga
  - React-Core/RCTSettingsHeaders (0.68.7):
    - glog
    - RCT-Folly (= 2021.06.28.00-v2)
    - React-Core/Default
    - React-cxxreact (= 0.68.7)
    - React-jsi (= 0.68.7)
    - React-jsiexecutor (= 0.68.7)
    - React-perflogger (= 0.68.7)
    - Yoga
  - React-Core/RCTTextHeaders (0.68.7):
    - glog
    - RCT-Folly (= 2021.06.28.00-v2)
    - React-Core/Default
    - React-cxxreact (= 0.68.7)
    - React-jsi (= 0.68.7)
    - React-jsiexecutor (= 0.68.7)
    - React-perflogger (= 0.68.7)
    - Yoga
  - React-Core/RCTVibrationHeaders (0.68.7):
    - glog
    - RCT-Folly (= 2021.06.28.00-v2)
    - React-Core/Default
    - React-cxxreact (= 0.68.7)
    - React-jsi (= 0.68.7)
    - React-jsiexecutor (= 0.68.7)
    - React-perflogger (= 0.68.7)
    - Yoga
  - React-Core/RCTWebSocket (0.68.7):
    - glog
    - RCT-Folly (= 2021.06.28.00-v2)
    - React-Core/Default (= 0.68.7)
    - React-cxxreact (= 0.68.7)
    - React-jsi (= 0.68.7)
    - React-jsiexecutor (= 0.68.7)
    - React-perflogger (= 0.68.7)
    - Yoga
  - React-CoreModules (0.68.7):
    - RCT-Folly (= 2021.06.28.00-v2)
    - RCTTypeSafety (= 0.68.7)
    - React-Codegen (= 0.68.7)
    - React-Core/CoreModulesHeaders (= 0.68.7)
    - React-jsi (= 0.68.7)
    - React-RCTImage (= 0.68.7)
    - ReactCommon/turbomodule/core (= 0.68.7)
  - React-cxxreact (0.68.7):
    - boost (= 1.76.0)
    - DoubleConversion
    - glog
    - RCT-Folly (= 2021.06.28.00-v2)
    - React-callinvoker (= 0.68.7)
    - React-jsi (= 0.68.7)
    - React-jsinspector (= 0.68.7)
    - React-logger (= 0.68.7)
    - React-perflogger (= 0.68.7)
    - React-runtimeexecutor (= 0.68.7)
  - React-jsi (0.68.7):
    - boost (= 1.76.0)
    - DoubleConversion
    - glog
    - RCT-Folly (= 2021.06.28.00-v2)
    - React-jsi/Default (= 0.68.7)
  - React-jsi/Default (0.68.7):
    - boost (= 1.76.0)
    - DoubleConversion
    - glog
    - RCT-Folly (= 2021.06.28.00-v2)
  - React-jsiexecutor (0.68.7):
    - DoubleConversion
    - glog
    - RCT-Folly (= 2021.06.28.00-v2)
    - React-cxxreact (= 0.68.7)
    - React-jsi (= 0.68.7)
    - React-perflogger (= 0.68.7)
  - React-jsinspector (0.68.7)
  - React-logger (0.68.7):
    - glog
  - react-native-blob-util (0.17.3):
    - React-Core
  - react-native-config (1.5.1):
    - react-native-config/App (= 1.5.1)
  - react-native-config/App (1.5.1):
    - React-Core
  - react-native-flipper (0.162.0):
    - React-Core
  - react-native-image-picker (5.3.1):
    - React-Core
  - react-native-image-resizer (3.0.5):
    - React-Core
  - react-native-mmkv (2.5.1):
    - MMKV (>= 1.2.13)
    - React-Core
  - react-native-netinfo (9.3.10):
    - React-Core
  - react-native-restart (0.0.24):
    - React-Core
  - react-native-safe-area-context (4.5.0):
    - RCT-Folly
    - RCTRequired
    - RCTTypeSafety
    - React-Core
    - ReactCommon/turbomodule/core
  - React-perflogger (0.68.7)
  - React-RCTActionSheet (0.68.7):
    - React-Core/RCTActionSheetHeaders (= 0.68.7)
  - React-RCTAnimation (0.68.7):
    - RCT-Folly (= 2021.06.28.00-v2)
    - RCTTypeSafety (= 0.68.7)
    - React-Codegen (= 0.68.7)
    - React-Core/RCTAnimationHeaders (= 0.68.7)
    - React-jsi (= 0.68.7)
    - ReactCommon/turbomodule/core (= 0.68.7)
  - React-RCTBlob (0.68.7):
    - RCT-Folly (= 2021.06.28.00-v2)
    - React-Codegen (= 0.68.7)
    - React-Core/RCTBlobHeaders (= 0.68.7)
    - React-Core/RCTWebSocket (= 0.68.7)
    - React-jsi (= 0.68.7)
    - React-RCTNetwork (= 0.68.7)
    - ReactCommon/turbomodule/core (= 0.68.7)
  - React-RCTImage (0.68.7):
    - RCT-Folly (= 2021.06.28.00-v2)
    - RCTTypeSafety (= 0.68.7)
    - React-Codegen (= 0.68.7)
    - React-Core/RCTImageHeaders (= 0.68.7)
    - React-jsi (= 0.68.7)
    - React-RCTNetwork (= 0.68.7)
    - ReactCommon/turbomodule/core (= 0.68.7)
  - React-RCTLinking (0.68.7):
    - React-Codegen (= 0.68.7)
    - React-Core/RCTLinkingHeaders (= 0.68.7)
    - React-jsi (= 0.68.7)
    - ReactCommon/turbomodule/core (= 0.68.7)
  - React-RCTNetwork (0.68.7):
    - RCT-Folly (= 2021.06.28.00-v2)
    - RCTTypeSafety (= 0.68.7)
    - React-Codegen (= 0.68.7)
    - React-Core/RCTNetworkHeaders (= 0.68.7)
    - React-jsi (= 0.68.7)
    - ReactCommon/turbomodule/core (= 0.68.7)
  - React-RCTSettings (0.68.7):
    - RCT-Folly (= 2021.06.28.00-v2)
    - RCTTypeSafety (= 0.68.7)
    - React-Codegen (= 0.68.7)
    - React-Core/RCTSettingsHeaders (= 0.68.7)
    - React-jsi (= 0.68.7)
    - ReactCommon/turbomodule/core (= 0.68.7)
  - React-RCTText (0.68.7):
    - React-Core/RCTTextHeaders (= 0.68.7)
  - React-RCTVibration (0.68.7):
    - RCT-Folly (= 2021.06.28.00-v2)
    - React-Codegen (= 0.68.7)
    - React-Core/RCTVibrationHeaders (= 0.68.7)
    - React-jsi (= 0.68.7)
    - ReactCommon/turbomodule/core (= 0.68.7)
  - React-runtimeexecutor (0.68.7):
    - React-jsi (= 0.68.7)
  - ReactCommon/turbomodule/core (0.68.7):
    - DoubleConversion
    - glog
    - RCT-Folly (= 2021.06.28.00-v2)
    - React-callinvoker (= 0.68.7)
    - React-Core (= 0.68.7)
    - React-cxxreact (= 0.68.7)
    - React-jsi (= 0.68.7)
    - React-logger (= 0.68.7)
    - React-perflogger (= 0.68.7)
  - ReactNativeExceptionHandler (2.10.10):
    - React-Core
  - RNBootSplash (4.5.3):
    - React-Core
  - RNFastImage (8.6.3):
    - React-Core
    - SDWebImage (~> 5.11.1)
    - SDWebImageWebPCoder (~> 0.8.4)
  - RNFlashList (1.4.3):
    - React-Core
  - RNGestureHandler (2.9.0):
    - React-Core
  - RNImageCrop (0.1.0):
    - React-Core
    - TOCropViewController
  - RNKeyboardInsets (0.1.0):
    - React-Core
  - RNNestedScrollView (0.3.0):
    - React-Core
  - RNPullToRefresh (0.7.0):
    - React-Core
  - RNReanimated (2.13.0):
    - DoubleConversion
    - FBLazyVector
    - FBReactNativeSpec
    - glog
    - RCT-Folly
    - RCTRequired
    - RCTTypeSafety
    - React-callinvoker
    - React-Core
    - React-Core/DevSupport
    - React-Core/RCTWebSocket
    - React-CoreModules
    - React-cxxreact
    - React-jsi
    - React-jsiexecutor
    - React-jsinspector
    - React-RCTActionSheet
    - React-RCTAnimation
    - React-RCTBlob
    - React-RCTImage
    - React-RCTLinking
    - React-RCTNetwork
    - React-RCTSettings
    - React-RCTText
    - ReactCommon/turbomodule/core
    - Yoga
  - RNScreens (3.20.0):
    - React-Core
    - React-RCTImage
  - RNSVG (13.9.0):
    - React-Core
  - SDWebImage (5.11.1):
    - SDWebImage/Core (= 5.11.1)
  - SDWebImage/Core (5.11.1)
  - SDWebImageWebPCoder (0.8.5):
    - libwebp (~> 1.0)
    - SDWebImage/Core (~> 5.10)
  - SocketRocket (0.6.0)
  - SSZipArchive (2.2.3)
  - TOCropViewController (2.6.1)
  - Yoga (1.14.0)
  - YogaKit (1.18.1):
    - Yoga (~> 1.14)

DEPENDENCIES:
  - boost (from `../node_modules/react-native/third-party-podspecs/boost.podspec`)
  - CodePush (from `../node_modules/react-native-code-push`)
  - DoubleConversion (from `../node_modules/react-native/third-party-podspecs/DoubleConversion.podspec`)
  - FBLazyVector (from `../node_modules/react-native/Libraries/FBLazyVector`)
  - FBReactNativeSpec (from `../node_modules/react-native/React/FBReactNativeSpec`)
  - Flipper (= 0.125.0)
  - Flipper-Boost-iOSX (= 1.76.0.1.11)
  - Flipper-DoubleConversion (= 3.2.0)
  - Flipper-Fmt (= 7.1.7)
  - Flipper-Folly (= 2.6.10)
  - Flipper-Glog (= 0.5.0.4)
  - Flipper-PeerTalk (= 0.0.4)
  - Flipper-RSocket (= 1.4.3)
  - FlipperKit (= 0.125.0)
  - FlipperKit/Core (= 0.125.0)
  - FlipperKit/CppBridge (= 0.125.0)
  - FlipperKit/FBCxxFollyDynamicConvert (= 0.125.0)
  - FlipperKit/FBDefines (= 0.125.0)
  - FlipperKit/FKPortForwarding (= 0.125.0)
  - FlipperKit/FlipperKitHighlightOverlay (= 0.125.0)
  - FlipperKit/FlipperKitLayoutPlugin (= 0.125.0)
  - FlipperKit/FlipperKitLayoutTextSearchable (= 0.125.0)
  - FlipperKit/FlipperKitNetworkPlugin (= 0.125.0)
  - FlipperKit/FlipperKitReactPlugin (= 0.125.0)
  - FlipperKit/FlipperKitUserDefaultsPlugin (= 0.125.0)
  - FlipperKit/SKIOSNetworkPlugin (= 0.125.0)
  - glog (from `../node_modules/react-native/third-party-podspecs/glog.podspec`)
  - lottie-ios (from `../node_modules/lottie-ios`)
  - lottie-react-native (from `../node_modules/lottie-react-native`)
  - OpenSSL-Universal (= 1.1.1100)
  - RCT-Folly (from `../node_modules/react-native/third-party-podspecs/RCT-Folly.podspec`)
  - RCTRequired (from `../node_modules/react-native/Libraries/RCTRequired`)
  - RCTTypeSafety (from `../node_modules/react-native/Libraries/TypeSafety`)
  - React (from `../node_modules/react-native/`)
  - React-callinvoker (from `../node_modules/react-native/ReactCommon/callinvoker`)
  - React-Codegen (from `build/generated/ios`)
  - React-Core (from `../node_modules/react-native/`)
  - React-Core/DevSupport (from `../node_modules/react-native/`)
  - React-Core/RCTWebSocket (from `../node_modules/react-native/`)
  - React-CoreModules (from `../node_modules/react-native/React/CoreModules`)
  - React-cxxreact (from `../node_modules/react-native/ReactCommon/cxxreact`)
  - React-jsi (from `../node_modules/react-native/ReactCommon/jsi`)
  - React-jsiexecutor (from `../node_modules/react-native/ReactCommon/jsiexecutor`)
  - React-jsinspector (from `../node_modules/react-native/ReactCommon/jsinspector`)
  - React-logger (from `../node_modules/react-native/ReactCommon/logger`)
  - react-native-blob-util (from `../node_modules/react-native-blob-util`)
  - react-native-config (from `../node_modules/react-native-config`)
  - react-native-flipper (from `../node_modules/react-native-flipper`)
  - react-native-image-picker (from `../node_modules/react-native-image-picker`)
  - "react-native-image-resizer (from `../node_modules/@bam.tech/react-native-image-resizer`)"
  - react-native-mmkv (from `../node_modules/react-native-mmkv`)
  - "react-native-netinfo (from `../node_modules/@react-native-community/netinfo`)"
  - react-native-restart (from `../node_modules/react-native-restart`)
  - react-native-safe-area-context (from `../node_modules/react-native-safe-area-context`)
  - React-perflogger (from `../node_modules/react-native/ReactCommon/reactperflogger`)
  - React-RCTActionSheet (from `../node_modules/react-native/Libraries/ActionSheetIOS`)
  - React-RCTAnimation (from `../node_modules/react-native/Libraries/NativeAnimation`)
  - React-RCTBlob (from `../node_modules/react-native/Libraries/Blob`)
  - React-RCTImage (from `../node_modules/react-native/Libraries/Image`)
  - React-RCTLinking (from `../node_modules/react-native/Libraries/LinkingIOS`)
  - React-RCTNetwork (from `../node_modules/react-native/Libraries/Network`)
  - React-RCTSettings (from `../node_modules/react-native/Libraries/Settings`)
  - React-RCTText (from `../node_modules/react-native/Libraries/Text`)
  - React-RCTVibration (from `../node_modules/react-native/Libraries/Vibration`)
  - React-runtimeexecutor (from `../node_modules/react-native/ReactCommon/runtimeexecutor`)
  - ReactCommon/turbomodule/core (from `../node_modules/react-native/ReactCommon`)
  - ReactNativeExceptionHandler (from `../node_modules/react-native-exception-handler`)
  - RNBootSplash (from `../node_modules/react-native-bootsplash`)
  - RNFastImage (from `../node_modules/react-native-fast-image`)
  - "RNFlashList (from `../node_modules/@shopify/flash-list`)"
  - RNGestureHandler (from `../node_modules/react-native-gesture-handler`)
  - "RNImageCrop (from `../node_modules/@sdcx/image-crop`)"
  - "RNKeyboardInsets (from `../node_modules/@sdcx/keyboard-insets`)"
  - "RNNestedScrollView (from `../node_modules/@sdcx/nested-scroll`)"
  - "RNPullToRefresh (from `../node_modules/@sdcx/pull-to-refresh`)"
  - RNReanimated (from `../node_modules/react-native-reanimated`)
  - RNScreens (from `../node_modules/react-native-screens`)
  - RNSVG (from `../node_modules/react-native-svg`)
  - SDWebImageWebPCoder
  - Yoga (from `../node_modules/react-native/ReactCommon/yoga`)

SPEC REPOS:
  https://mirrors.tuna.tsinghua.edu.cn/git/CocoaPods/Specs.git:
    - Base64
    - CocoaAsyncSocket
    - Flipper
    - Flipper-Boost-iOSX
    - Flipper-DoubleConversion
    - Flipper-Fmt
    - Flipper-Folly
    - Flipper-Glog
    - Flipper-PeerTalk
    - Flipper-RSocket
    - FlipperKit
    - fmt
    - JWT
    - libevent
    - libwebp
    - MMKV
    - MMKVCore
    - OpenSSL-Universal
    - SDWebImage
    - SDWebImageWebPCoder
    - SocketRocket
    - SSZipArchive
    - TOCropViewController
    - YogaKit

EXTERNAL SOURCES:
  boost:
    :podspec: "../node_modules/react-native/third-party-podspecs/boost.podspec"
  CodePush:
    :path: "../node_modules/react-native-code-push"
  DoubleConversion:
    :podspec: "../node_modules/react-native/third-party-podspecs/DoubleConversion.podspec"
  FBLazyVector:
    :path: "../node_modules/react-native/Libraries/FBLazyVector"
  FBReactNativeSpec:
    :path: "../node_modules/react-native/React/FBReactNativeSpec"
  glog:
    :podspec: "../node_modules/react-native/third-party-podspecs/glog.podspec"
  lottie-ios:
    :path: "../node_modules/lottie-ios"
  lottie-react-native:
    :path: "../node_modules/lottie-react-native"
  RCT-Folly:
    :podspec: "../node_modules/react-native/third-party-podspecs/RCT-Folly.podspec"
  RCTRequired:
    :path: "../node_modules/react-native/Libraries/RCTRequired"
  RCTTypeSafety:
    :path: "../node_modules/react-native/Libraries/TypeSafety"
  React:
    :path: "../node_modules/react-native/"
  React-callinvoker:
    :path: "../node_modules/react-native/ReactCommon/callinvoker"
  React-Codegen:
    :path: build/generated/ios
  React-Core:
    :path: "../node_modules/react-native/"
  React-CoreModules:
    :path: "../node_modules/react-native/React/CoreModules"
  React-cxxreact:
    :path: "../node_modules/react-native/ReactCommon/cxxreact"
  React-jsi:
    :path: "../node_modules/react-native/ReactCommon/jsi"
  React-jsiexecutor:
    :path: "../node_modules/react-native/ReactCommon/jsiexecutor"
  React-jsinspector:
    :path: "../node_modules/react-native/ReactCommon/jsinspector"
  React-logger:
    :path: "../node_modules/react-native/ReactCommon/logger"
  react-native-blob-util:
    :path: "../node_modules/react-native-blob-util"
  react-native-config:
    :path: "../node_modules/react-native-config"
  react-native-flipper:
    :path: "../node_modules/react-native-flipper"
  react-native-image-picker:
    :path: "../node_modules/react-native-image-picker"
  react-native-image-resizer:
    :path: "../node_modules/@bam.tech/react-native-image-resizer"
  react-native-mmkv:
    :path: "../node_modules/react-native-mmkv"
  react-native-netinfo:
    :path: "../node_modules/@react-native-community/netinfo"
  react-native-restart:
    :path: "../node_modules/react-native-restart"
  react-native-safe-area-context:
    :path: "../node_modules/react-native-safe-area-context"
  React-perflogger:
    :path: "../node_modules/react-native/ReactCommon/reactperflogger"
  React-RCTActionSheet:
    :path: "../node_modules/react-native/Libraries/ActionSheetIOS"
  React-RCTAnimation:
    :path: "../node_modules/react-native/Libraries/NativeAnimation"
  React-RCTBlob:
    :path: "../node_modules/react-native/Libraries/Blob"
  React-RCTImage:
    :path: "../node_modules/react-native/Libraries/Image"
  React-RCTLinking:
    :path: "../node_modules/react-native/Libraries/LinkingIOS"
  React-RCTNetwork:
    :path: "../node_modules/react-native/Libraries/Network"
  React-RCTSettings:
    :path: "../node_modules/react-native/Libraries/Settings"
  React-RCTText:
    :path: "../node_modules/react-native/Libraries/Text"
  React-RCTVibration:
    :path: "../node_modules/react-native/Libraries/Vibration"
  React-runtimeexecutor:
    :path: "../node_modules/react-native/ReactCommon/runtimeexecutor"
  ReactCommon:
    :path: "../node_modules/react-native/ReactCommon"
  ReactNativeExceptionHandler:
    :path: "../node_modules/react-native-exception-handler"
  RNBootSplash:
    :path: "../node_modules/react-native-bootsplash"
  RNFastImage:
    :path: "../node_modules/react-native-fast-image"
  RNFlashList:
    :path: "../node_modules/@shopify/flash-list"
  RNGestureHandler:
    :path: "../node_modules/react-native-gesture-handler"
  RNImageCrop:
    :path: "../node_modules/@sdcx/image-crop"
  RNKeyboardInsets:
    :path: "../node_modules/@sdcx/keyboard-insets"
  RNNestedScrollView:
    :path: "../node_modules/@sdcx/nested-scroll"
  RNPullToRefresh:
    :path: "../node_modules/@sdcx/pull-to-refresh"
  RNReanimated:
    :path: "../node_modules/react-native-reanimated"
  RNScreens:
    :path: "../node_modules/react-native-screens"
  RNSVG:
    :path: "../node_modules/react-native-svg"
  Yoga:
    :path: "../node_modules/react-native/ReactCommon/yoga"

SPEC CHECKSUMS:
  Base64: cecfb41a004124895a7bcee567a89bae5a89d49b
  boost: a7c83b31436843459a1961bfd74b96033dc77234
  CocoaAsyncSocket: 065fd1e645c7abab64f7a6a2007a48038fdc6a99
  CodePush: dce1b253fde81078249ea9cd4b948e4ac7b761a9
  DoubleConversion: 831926d9b8bf8166fd87886c4abab286c2422662
  FBLazyVector: 63b89dc85804d5817261f56dc4cfb43a9b6d57f5
  FBReactNativeSpec: 1fa200a9862d9369a53b6fddbbfcdc22bab24062
  Flipper: 26fc4b7382499f1281eb8cb921e5c3ad6de91fe0
  Flipper-Boost-iOSX: fd1e2b8cbef7e662a122412d7ac5f5bea715403c
  Flipper-DoubleConversion: 3d3d04a078d4f3a1b6c6916587f159dc11f232c4
  Flipper-Fmt: 60cbdd92fc254826e61d669a5d87ef7015396a9b
  Flipper-Folly: 584845625005ff068a6ebf41f857f468decd26b3
  Flipper-Glog: 87bc98ff48de90cb5b0b5114ed3da79d85ee2dd4
  Flipper-PeerTalk: 116d8f857dc6ef55c7a5a75ea3ceaafe878aadc9
  Flipper-RSocket: d9d9ade67cbecf6ac10730304bf5607266dd2541
  FlipperKit: cbdee19bdd4e7f05472a66ce290f1b729ba3cb86
  fmt: ff9d55029c625d3757ed641535fd4a75fedc7ce9
  glog: 476ee3e89abb49e07f822b48323c51c57124b572
  JWT: ef71dfb03e1f842081e64dc42eef0e164f35d251
  libevent: 4049cae6c81cdb3654a443be001fb9bdceff7913
  libwebp: f62cb61d0a484ba548448a4bd52aabf150ff6eef
  lottie-ios: 016449b5d8be0c3dcbcfa0a9988469999cd04c5d
  lottie-react-native: 8f9d4be452e23f6e5ca0fdc11669dc99ab52be81
  MMKV: 784471ce430a2e2d16afef9053d63fab1b357d9e
  MMKVCore: 9cfef4c48c6c46f66226fc2e4634d78490206a48
  OpenSSL-Universal: ebc357f1e6bc71fa463ccb2fe676756aff50e88c
  RCT-Folly: 4d8508a426467c48885f1151029bc15fa5d7b3b8
  RCTRequired: 530916cd48c5f7cf1fc16966ad5ea01638ca4799
  RCTTypeSafety: 5fb4cb3080efd582e5563c3e9a0e459fc51396c5
  React: 097b19fbc7aecb3bd23de54b462d2051d7ca8a38
  React-callinvoker: 4f118545cf884f0d8fce5bcd6e1847147ea9cc05
  React-Codegen: 24e59be16f8ed24b3e49e5ff0738dad91988c760
  React-Core: 0b464d0bec18dde90fa819c4be14dbcbdbf3077f
  React-CoreModules: 9bb7d5d5530d474cf8514e2dc8274af82a0bcf2f
  React-cxxreact: 027e192b8008ba5c200163ab6ded55d134c839d5
  React-jsi: 9019a0a0b42e9eac6c1e8c251a8dffe65055a2f1
  React-jsiexecutor: 7c0bd030a84f2ec446fb104b7735af2f5ed11eea
  React-jsinspector: cab4d37ebde480f84c79ac89568abbf76b916c3e
  React-logger: b75b80500ea80457b2cf169427d66de986cdcb29
  react-native-blob-util: 99f4d79189252f597fe0d810c57a3733b1b1dea6
  react-native-config: 86038147314e2e6d10ea9972022aa171e6b1d4d8
  react-native-flipper: 7eeb9b59b667dd0619372c7349cf7c78032d1de2
  react-native-image-picker: ec9b713e248760bfa0f879f0715391de4651a7cb
  react-native-image-resizer: 00ceb0e05586c7aadf061eea676957a6c2ec60fa
  react-native-mmkv: 69b9c003f10afdd01addf7c6ee784ce42ee2eff3
  react-native-netinfo: ccbe1085dffd16592791d550189772e13bf479e2
  react-native-restart: 45c8dca02491980f2958595333cbccd6877cb57e
  react-native-safe-area-context: 39c2d8be3328df5d437ac1700f4f3a4f75716acc
  React-perflogger: 44436b315d757100a53dfb1ab6b77c58cb646d7d
  React-RCTActionSheet: 1888a229684762c40cc96c7ff4716f809655dc09
  React-RCTAnimation: f05da175751867521d14b02ab4d3994a7b96f131
  React-RCTBlob: 792b966e48d599383d7a0753f75e8f2ff71be1ce
  React-RCTImage: 065cf66546f625295efd36bce3a1806a9b93399c
  React-RCTLinking: 8246290c072bd2d1f336792038d7ec4b91f9847a
  React-RCTNetwork: 6b2331c74684fae61b1ef38f4510fe5da3de3f3a
  React-RCTSettings: 2898e15b249b085f8b8c7401cfab71983a2d40da
  React-RCTText: bd1da1cd805e0765e3ba9089a9fd807d4860a901
  React-RCTVibration: 2a4bf853281d4981ab471509102300d3c9e6c693
  React-runtimeexecutor: 18932e685b4893be88d1efc18f5f8ca1c9cd39d8
  ReactCommon: 29bb6fad3242e30e9d049bc9d592736fa3da9e50
  ReactNativeExceptionHandler: b11ff67c78802b2f62eed0e10e75cb1ef7947c60
  RNBootSplash: 8fb33325dc3620a01984c6660c42cbd93fadcc80
  RNFastImage: 5c9c9fed9c076e521b3f509fe79e790418a544e8
  RNFlashList: ade81b4e928ebd585dd492014d40fb8d0e848aab
  RNGestureHandler: 071d7a9ad81e8b83fe7663b303d132406a7d8f39
  RNImageCrop: 1dd48ead8ed7dfa2b7a9d2d50343eaf9ae0025e8
  RNKeyboardInsets: b601abfbb7ebcd4b970d7ed17733657e50d746a5
  RNNestedScrollView: 363dd470deb241a242a46746f79e5a90ac1af02c
  RNPullToRefresh: 88e37418b963137c5ff22ea9751e11a55019935a
  RNReanimated: b21b362b4b8ca921932e8b1718e88cf3a36f157e
  RNScreens: 218801c16a2782546d30bd2026bb625c0302d70f
  RNSVG: 53c661b76829783cdaf9b7a57258f3d3b4c28315
  SDWebImage: a7f831e1a65eb5e285e3fb046a23fcfbf08e696d
  SDWebImageWebPCoder: 908b83b6adda48effe7667cd2b7f78c897e5111d
  SocketRocket: fccef3f9c5cedea1353a9ef6ada904fde10d6608
  SSZipArchive: 62d4947b08730e4cda640473b0066d209ff033c9
  TOCropViewController: edfd4f25713d56905ad1e0b9f5be3fbe0f59c863
  Yoga: 0bc4b37c3b8a345336ff601e2cf7d9704bab7e93
  YogaKit: f782866e155069a2cca2517aafea43200b01fd5a

PODFILE CHECKSUM: 993bcb84d9e07e1d4849efbc8124223ac402a154

COCOAPODS: 1.12.0
